
Microsoft Visual Studio Solution File, Format Version 12.00
# Visual Studio Version 16
VisualStudioVersion = 16.0.34931.43
MinimumVisualStudioVersion = 10.0.40219.1
Project("{E24C65DC-7377-472B-9ABA-BC803B73C61A}") = "rcd", "..\..\..\Desktop\rcd\", "{5F73B669-9A1C-4335-AC98-1F2019D832E1}"
	ProjectSection(WebsiteProperties) = preProject
		TargetFrameworkMoniker = ".NETFramework,Version%3Dv4.0"
		Debug.AspNetCompiler.VirtualPath = "/localhost_64345"
		Debug.AspNetCompiler.PhysicalPath = "..\..\..\Desktop\rcd\"
		Debug.AspNetCompiler.TargetPath = "PrecompiledWeb\localhost_64345\"
		Debug.AspNetCompiler.Updateable = "true"
		Debug.AspNetCompiler.ForceOverwrite = "true"
		Debug.AspNetCompiler.FixedNames = "false"
		Debug.AspNetCompiler.Debug = "True"
		Release.AspNetCompiler.VirtualPath = "/localhost_64345"
		Release.AspNetCompiler.PhysicalPath = "..\..\..\Desktop\rcd\"
		Release.AspNetCompiler.TargetPath = "PrecompiledWeb\localhost_64345\"
		Release.AspNetCompiler.Updateable = "true"
		Release.AspNetCompiler.ForceOverwrite = "true"
		Release.AspNetCompiler.FixedNames = "false"
		Release.AspNetCompiler.Debug = "False"
		VWDPort = "64345"
	EndProjectSection
EndProject
Global
	GlobalSection(SolutionConfigurationPlatforms) = preSolution
		Debug|Any CPU = Debug|Any CPU
	EndGlobalSection
	GlobalSection(ProjectConfigurationPlatforms) = postSolution
		{5F73B669-9A1C-4335-AC98-1F2019D832E1}.Debug|Any CPU.ActiveCfg = Debug|Any CPU
		{5F73B669-9A1C-4335-AC98-1F2019D832E1}.Debug|Any CPU.Build.0 = Debug|Any CPU
	EndGlobalSection
	GlobalSection(SolutionProperties) = preSolution
		HideSolutionNode = FALSE
	EndGlobalSection
	GlobalSection(ExtensibilityGlobals) = postSolution
		SolutionGuid = {BA66D8C2-AC27-4E0E-A171-5905A3A33617}
	EndGlobalSection
EndGlobal
